
Microsoft Visual Studio Solution File, Format Version 12.00
# Visual Studio Version 17
VisualStudioVersion = 17.7.34018.315
MinimumVisualStudioVersion = 10.0.40219.1
Project("{9A19103F-16F7-4668-BE54-9A1E7A4F7556}") = "1.1GettingStarted", "GettingStarted\1.1GettingStarted.csproj", "{3420017B-A75D-4B1D-AA42-DD5E27BFC114}"
EndProject
Project("{9A19103F-16F7-4668-BE54-9A1E7A4F7556}") = "Demo.Shared", "Demo.Shared\Demo.Shared.csproj", "{0D6C8B9C-94C9-490B-BBF2-C7A8DBB01E4F}"
EndProject
Project("{FAE04EC0-301F-11D3-BF4B-00C04F79EFBC}") = "2.1Configuration", "2.1Configuration\2.1Configuration.csproj", "{E8E679B6-619C-4EE2-B38F-4367C523494E}"
EndProject
Global
	GlobalSection(SolutionConfigurationPlatforms) = preSolution
		Debug|Any CPU = Debug|Any CPU
		Release|Any CPU = Release|Any CPU
	EndGlobalSection
	GlobalSection(ProjectConfigurationPlatforms) = postSolution
		{3420017B-A75D-4B1D-AA42-DD5E27BFC114}.Debug|Any CPU.ActiveCfg = Debug|Any CPU
		{3420017B-A75D-4B1D-AA42-DD5E27BFC114}.Debug|Any CPU.Build.0 = Debug|Any CPU
		{3420017B-A75D-4B1D-AA42-DD5E27BFC114}.Release|Any CPU.ActiveCfg = Release|Any CPU
		{3420017B-A75D-4B1D-AA42-DD5E27BFC114}.Release|Any CPU.Build.0 = Release|Any CPU
		{0D6C8B9C-94C9-490B-BBF2-C7A8DBB01E4F}.Debug|Any CPU.ActiveCfg = Debug|Any CPU
		{0D6C8B9C-94C9-490B-BBF2-C7A8DBB01E4F}.Debug|Any CPU.Build.0 = Debug|Any CPU
		{0D6C8B9C-94C9-490B-BBF2-C7A8DBB01E4F}.Release|Any CPU.ActiveCfg = Release|Any CPU
		{0D6C8B9C-94C9-490B-BBF2-C7A8DBB01E4F}.Release|Any CPU.Build.0 = Release|Any CPU
		{E8E679B6-619C-4EE2-B38F-4367C523494E}.Debug|Any CPU.ActiveCfg = Debug|Any CPU
		{E8E679B6-619C-4EE2-B38F-4367C523494E}.Debug|Any CPU.Build.0 = Debug|Any CPU
		{E8E679B6-619C-4EE2-B38F-4367C523494E}.Release|Any CPU.ActiveCfg = Release|Any CPU
		{E8E679B6-619C-4EE2-B38F-4367C523494E}.Release|Any CPU.Build.0 = Release|Any CPU
	EndGlobalSection
	GlobalSection(SolutionProperties) = preSolution
		HideSolutionNode = FALSE
	EndGlobalSection
	GlobalSection(ExtensibilityGlobals) = postSolution
		SolutionGuid = {54870A65-22DE-4E54-8DCD-D1B20543AE4D}
	EndGlobalSection
EndGlobal
